// !$*UTF8*$!
{
	archiveVersion = 1;
	classes = {
	};
	objectVersion = 46;
	objects = {

/* Begin PBXBuildFile section */
		BE1115D61D2D2DB8003242CD /* main.m in Sources */ = {isa = PBXBuildFile; fileRef = BE1115D51D2D2DB8003242CD /* main.m */; };
		BE1115D91D2D2DB8003242CD /* AppDelegate.m in Sources */ = {isa = PBXBuildFile; fileRef = BE1115D81D2D2DB8003242CD /* AppDelegate.m */; };
		BE1115DC1D2D2DB8003242CD /* ViewController.m in Sources */ = {isa = PBXBuildFile; fileRef = BE1115DB1D2D2DB8003242CD /* ViewController.m */; };
		BE1115DF1D2D2DB8003242CD /* Main.storyboard in Resources */ = {isa = PBXBuildFile; fileRef = BE1115DD1D2D2DB8003242CD /* Main.storyboard */; };
		BE1115E11D2D2DB8003242CD /* Assets.xcassets in Resources */ = {isa = PBXBuildFile; fileRef = BE1115E01D2D2DB8003242CD /* Assets.xcassets */; };
		BE1115E41D2D2DB8003242CD /* LaunchScreen.storyboard in Resources */ = {isa = PBXBuildFile; fileRef = BE1115E21D2D2DB8003242CD /* LaunchScreen.storyboard */; };
		BE1115F41D2D317F003242CD /* DDAttachmentLayoutManager.m in Sources */ = {isa = PBXBuildFile; fileRef = BE1115ED1D2D317F003242CD /* DDAttachmentLayoutManager.m */; };
		BE1115F51D2D317F003242CD /* DDAttachmentReusableView.m in Sources */ = {isa = PBXBuildFile; fileRef = BE1115EF1D2D317F003242CD /* DDAttachmentReusableView.m */; };
		BE1115F61D2D317F003242CD /* DDAttachmentTextView.m in Sources */ = {isa = PBXBuildFile; fileRef = BE1115F11D2D317F003242CD /* DDAttachmentTextView.m */; };
		BE1115F71D2D317F003242CD /* DDTextAttachment.m in Sources */ = {isa = PBXBuildFile; fileRef = BE1115F31D2D317F003242CD /* DDTextAttachment.m */; };
		BE1115FC1D2D3345003242CD /* DDAttachmentObject.m in Sources */ = {isa = PBXBuildFile; fileRef = BE1115FB1D2D3345003242CD /* DDAttachmentObject.m */; };
		BE11160C1D2D3B3C003242CD /* 1.png in Resources */ = {isa = PBXBuildFile; fileRef = BE1116001D2D3B3C003242CD /* 1.png */; };
		BE11160D1D2D3B3C003242CD /* 2.png in Resources */ = {isa = PBXBuildFile; fileRef = BE1116011D2D3B3C003242CD /* 2.png */; };
		BE11160E1D2D3B3C003242CD /* 3.png in Resources */ = {isa = PBXBuildFile; fileRef = BE1116021D2D3B3C003242CD /* 3.png */; };
		BE11160F1D2D3B3C003242CD /* 4.png in Resources */ = {isa = PBXBuildFile; fileRef = BE1116031D2D3B3C003242CD /* 4.png */; };
		BE1116101D2D3B3C003242CD /* 5.png in Resources */ = {isa = PBXBuildFile; fileRef = BE1116041D2D3B3C003242CD /* 5.png */; };
		BE1116111D2D3B3C003242CD /* 6.png in Resources */ = {isa = PBXBuildFile; fileRef = BE1116051D2D3B3C003242CD /* 6.png */; };
		BE1116121D2D3B3C003242CD /* a1.png in Resources */ = {isa = PBXBuildFile; fileRef = BE1116061D2D3B3C003242CD /* a1.png */; };
		BE1116131D2D3B3C003242CD /* a2.png in Resources */ = {isa = PBXBuildFile; fileRef = BE1116071D2D3B3C003242CD /* a2.png */; };
		BE1116141D2D3B3C003242CD /* a3.png in Resources */ = {isa = PBXBuildFile; fileRef = BE1116081D2D3B3C003242CD /* a3.png */; };
		BE1116151D2D3B3C003242CD /* a4.png in Resources */ = {isa = PBXBuildFile; fileRef = BE1116091D2D3B3C003242CD /* a4.png */; };
		BE1116161D2D3B3C003242CD /* a5.png in Resources */ = {isa = PBXBuildFile; fileRef = BE11160A1D2D3B3C003242CD /* a5.png */; };
		BE1116171D2D3B3C003242CD /* a6.png in Resources */ = {isa = PBXBuildFile; fileRef = BE11160B1D2D3B3C003242CD /* a6.png */; };
		BE1116191D2D3B4E003242CD /* data.json in Resources */ = {isa = PBXBuildFile; fileRef = BE1116181D2D3B4E003242CD /* data.json */; };
		BE11161C1D2D3DBE003242CD /* DDImageAttachmentView.m in Sources */ = {isa = PBXBuildFile; fileRef = BE11161B1D2D3DBE003242CD /* DDImageAttachmentView.m */; };
		BE11161F1D2D3E09003242CD /* DDUserAttachmentView.m in Sources */ = {isa = PBXBuildFile; fileRef = BE11161E1D2D3E09003242CD /* DDUserAttachmentView.m */; };
/* End PBXBuildFile section */

/* Begin PBXFileReference section */
		BE1115D11D2D2DB8003242CD /* DDAttachmentTextView.app */ = {isa = PBXFileReference; explicitFileType = wrapper.application; includeInIndex = 0; path = DDAttachmentTextView.app; sourceTree = BUILT_PRODUCTS_DIR; };
		BE1115D51D2D2DB8003242CD /* main.m */ = {isa = PBXFileReference; lastKnownFileType = sourcecode.c.objc; path = main.m; sourceTree = "<group>"; };
		BE1115D71D2D2DB8003242CD /* AppDelegate.h */ = {isa = PBXFileReference; lastKnownFileType = sourcecode.c.h; path = AppDelegate.h; sourceTree = "<group>"; };
		BE1115D81D2D2DB8003242CD /* AppDelegate.m */ = {isa = PBXFileReference; lastKnownFileType = sourcecode.c.objc; path = AppDelegate.m; sourceTree = "<group>"; };
		BE1115DA1D2D2DB8003242CD /* ViewController.h */ = {isa = PBXFileReference; lastKnownFileType = sourcecode.c.h; path = ViewController.h; sourceTree = "<group>"; };
		BE1115DB1D2D2DB8003242CD /* ViewController.m */ = {isa = PBXFileReference; lastKnownFileType = sourcecode.c.objc; path = ViewController.m; sourceTree = "<group>"; };
		BE1115DE1D2D2DB8003242CD /* Base */ = {isa = PBXFileReference; lastKnownFileType = file.storyboard; name = Base; path = Base.lproj/Main.storyboard; sourceTree = "<group>"; };
		BE1115E01D2D2DB8003242CD /* Assets.xcassets */ = {isa = PBXFileReference; lastKnownFileType = folder.assetcatalog; path = Assets.xcassets; sourceTree = "<group>"; };
		BE1115E31D2D2DB8003242CD /* Base */ = {isa = PBXFileReference; lastKnownFileType = file.storyboard; name = Base; path = Base.lproj/LaunchScreen.storyboard; sourceTree = "<group>"; };
		BE1115E51D2D2DB8003242CD /* Info.plist */ = {isa = PBXFileReference; lastKnownFileType = text.plist.xml; path = Info.plist; sourceTree = "<group>"; };
		BE1115EC1D2D317F003242CD /* DDAttachmentLayoutManager.h */ = {isa = PBXFileReference; fileEncoding = 4; lastKnownFileType = sourcecode.c.h; path = DDAttachmentLayoutManager.h; sourceTree = "<group>"; };
		BE1115ED1D2D317F003242CD /* DDAttachmentLayoutManager.m */ = {isa = PBXFileReference; fileEncoding = 4; lastKnownFileType = sourcecode.c.objc; path = DDAttachmentLayoutManager.m; sourceTree = "<group>"; };
		BE1115EE1D2D317F003242CD /* DDAttachmentReusableView.h */ = {isa = PBXFileReference; fileEncoding = 4; lastKnownFileType = sourcecode.c.h; path = DDAttachmentReusableView.h; sourceTree = "<group>"; };
		BE1115EF1D2D317F003242CD /* DDAttachmentReusableView.m */ = {isa = PBXFileReference; fileEncoding = 4; lastKnownFileType = sourcecode.c.objc; path = DDAttachmentReusableView.m; sourceTree = "<group>"; };
		BE1115F01D2D317F003242CD /* DDAttachmentTextView.h */ = {isa = PBXFileReference; fileEncoding = 4; lastKnownFileType = sourcecode.c.h; path = DDAttachmentTextView.h; sourceTree = "<group>"; };
		BE1115F11D2D317F003242CD /* DDAttachmentTextView.m */ = {isa = PBXFileReference; fileEncoding = 4; lastKnownFileType = sourcecode.c.objc; path = DDAttachmentTextView.m; sourceTree = "<group>"; };
		BE1115F21D2D317F003242CD /* DDTextAttachment.h */ = {isa = PBXFileReference; fileEncoding = 4; lastKnownFileType = sourcecode.c.h; path = DDTextAttachment.h; sourceTree = "<group>"; };
		BE1115F31D2D317F003242CD /* DDTextAttachment.m */ = {isa = PBXFileReference; fileEncoding = 4; lastKnownFileType = sourcecode.c.objc; path = DDTextAttachment.m; sourceTree = "<group>"; };
		BE1115FA1D2D3345003242CD /* DDAttachmentObject.h */ = {isa = PBXFileReference; fileEncoding = 4; lastKnownFileType = sourcecode.c.h; path = DDAttachmentObject.h; sourceTree = "<group>"; };
		BE1115FB1D2D3345003242CD /* DDAttachmentObject.m */ = {isa = PBXFileReference; fileEncoding = 4; lastKnownFileType = sourcecode.c.objc; path = DDAttachmentObject.m; sourceTree = "<group>"; };
		BE1116001D2D3B3C003242CD /* 1.png */ = {isa = PBXFileReference; lastKnownFileType = image.png; path = 1.png; sourceTree = "<group>"; };
		BE1116011D2D3B3C003242CD /* 2.png */ = {isa = PBXFileReference; lastKnownFileType = image.png; path = 2.png; sourceTree = "<group>"; };
		BE1116021D2D3B3C003242CD /* 3.png */ = {isa = PBXFileReference; lastKnownFileType = image.png; path = 3.png; sourceTree = "<group>"; };
		BE1116031D2D3B3C003242CD /* 4.png */ = {isa = PBXFileReference; lastKnownFileType = image.png; path = 4.png; sourceTree = "<group>"; };
		BE1116041D2D3B3C003242CD /* 5.png */ = {isa = PBXFileReference; lastKnownFileType = image.png; path = 5.png; sourceTree = "<group>"; };
		BE1116051D2D3B3C003242CD /* 6.png */ = {isa = PBXFileReference; lastKnownFileType = image.png; path = 6.png; sourceTree = "<group>"; };
		BE1116061D2D3B3C003242CD /* a1.png */ = {isa = PBXFileReference; lastKnownFileType = image.png; path = a1.png; sourceTree = "<group>"; };
		BE1116071D2D3B3C003242CD /* a2.png */ = {isa = PBXFileReference; lastKnownFileType = image.png; path = a2.png; sourceTree = "<group>"; };
		BE1116081D2D3B3C003242CD /* a3.png */ = {isa = PBXFileReference; lastKnownFileType = image.png; path = a3.png; sourceTree = "<group>"; };
		BE1116091D2D3B3C003242CD /* a4.png */ = {isa = PBXFileReference; lastKnownFileType = image.png; path = a4.png; sourceTree = "<group>"; };
		BE11160A1D2D3B3C003242CD /* a5.png */ = {isa = PBXFileReference; lastKnownFileType = image.png; path = a5.png; sourceTree = "<group>"; };
		BE11160B1D2D3B3C003242CD /* a6.png */ = {isa = PBXFileReference; lastKnownFileType = image.png; path = a6.png; sourceTree = "<group>"; };
		BE1116181D2D3B4E003242CD /* data.json */ = {isa = PBXFileReference; fileEncoding = 4; lastKnownFileType = text.json; path = data.json; sourceTree = "<group>"; };
		BE11161A1D2D3DBE003242CD /* DDImageAttachmentView.h */ = {isa = PBXFileReference; fileEncoding = 4; lastKnownFileType = sourcecode.c.h; path = DDImageAttachmentView.h; sourceTree = "<group>"; };
		BE11161B1D2D3DBE003242CD /* DDImageAttachmentView.m */ = {isa = PBXFileReference; fileEncoding = 4; lastKnownFileType = sourcecode.c.objc; path = DDImageAttachmentView.m; sourceTree = "<group>"; };
		BE11161D1D2D3E09003242CD /* DDUserAttachmentView.h */ = {isa = PBXFileReference; fileEncoding = 4; lastKnownFileType = sourcecode.c.h; path = DDUserAttachmentView.h; sourceTree = "<group>"; };
		BE11161E1D2D3E09003242CD /* DDUserAttachmentView.m */ = {isa = PBXFileReference; fileEncoding = 4; lastKnownFileType = sourcecode.c.objc; path = DDUserAttachmentView.m; sourceTree = "<group>"; };
/* End PBXFileReference section */

/* Begin PBXFrameworksBuildPhase section */
		BE1115CE1D2D2DB8003242CD /* Frameworks */ = {
			isa = PBXFrameworksBuildPhase;
			buildActionMask = 2147483647;
			files = (
			);
			runOnlyForDeploymentPostprocessing = 0;
		};
/* End PBXFrameworksBuildPhase section */

/* Begin PBXGroup section */
		BE1115C81D2D2DB8003242CD = {
			isa = PBXGroup;
			children = (
				BE1115EB1D2D2DDC003242CD /* Class */,
				BE1115D31D2D2DB8003242CD /* DDAttachmentTextView */,
				BE1115D21D2D2DB8003242CD /* Products */,
			);
			sourceTree = "<group>";
		};
		BE1115D21D2D2DB8003242CD /* Products */ = {
			isa = PBXGroup;
			children = (
				BE1115D11D2D2DB8003242CD /* DDAttachmentTextView.app */,
			);
			name = Products;
			sourceTree = "<group>";
		};
		BE1115D31D2D2DB8003242CD /* DDAttachmentTextView */ = {
			isa = PBXGroup;
			children = (
				BE1115FF1D2D3B3C003242CD /* Resource */,
				BE1115F81D2D3314003242CD /* Model */,
				BE1115F91D2D3314003242CD /* View */,
				BE1115D71D2D2DB8003242CD /* AppDelegate.h */,
				BE1115D81D2D2DB8003242CD /* AppDelegate.m */,
				BE1115DA1D2D2DB8003242CD /* ViewController.h */,
				BE1115DB1D2D2DB8003242CD /* ViewController.m */,
				BE1115DD1D2D2DB8003242CD /* Main.storyboard */,
				BE1115E01D2D2DB8003242CD /* Assets.xcassets */,
				BE1115E21D2D2DB8003242CD /* LaunchScreen.storyboard */,
				BE1115E51D2D2DB8003242CD /* Info.plist */,
				BE1115D41D2D2DB8003242CD /* Supporting Files */,
			);
			path = DDAttachmentTextView;
			sourceTree = "<group>";
		};
		BE1115D41D2D2DB8003242CD /* Supporting Files */ = {
			isa = PBXGroup;
			children = (
				BE1115D51D2D2DB8003242CD /* main.m */,
			);
			name = "Supporting Files";
			sourceTree = "<group>";
		};
		BE1115EB1D2D2DDC003242CD /* Class */ = {
			isa = PBXGroup;
			children = (
				BE1115EC1D2D317F003242CD /* DDAttachmentLayoutManager.h */,
				BE1115ED1D2D317F003242CD /* DDAttachmentLayoutManager.m */,
				BE1115EE1D2D317F003242CD /* DDAttachmentReusableView.h */,
				BE1115EF1D2D317F003242CD /* DDAttachmentReusableView.m */,
				BE1115F01D2D317F003242CD /* DDAttachmentTextView.h */,
				BE1115F11D2D317F003242CD /* DDAttachmentTextView.m */,
				BE1115F21D2D317F003242CD /* DDTextAttachment.h */,
				BE1115F31D2D317F003242CD /* DDTextAttachment.m */,
			);
			path = Class;
			sourceTree = "<group>";
		};
		BE1115F81D2D3314003242CD /* Model */ = {
			isa = PBXGroup;
			children = (
				BE1115FA1D2D3345003242CD /* DDAttachmentObject.h */,
				BE1115FB1D2D3345003242CD /* DDAttachmentObject.m */,
			);
			path = Model;
			sourceTree = "<group>";
		};
		BE1115F91D2D3314003242CD /* View */ = {
			isa = PBXGroup;
			children = (
				BE11161A1D2D3DBE003242CD /* DDImageAttachmentView.h */,
				BE11161B1D2D3DBE003242CD /* DDImageAttachmentView.m */,
				BE11161D1D2D3E09003242CD /* DDUserAttachmentView.h */,
				BE11161E1D2D3E09003242CD /* DDUserAttachmentView.m */,
			);
			path = View;
			sourceTree = "<group>";
		};
		BE1115FF1D2D3B3C003242CD /* Resource */ = {
			isa = PBXGroup;
			children = (
				BE1116181D2D3B4E003242CD /* data.json */,
				BE1116001D2D3B3C003242CD /* 1.png */,
				BE1116011D2D3B3C003242CD /* 2.png */,
				BE1116021D2D3B3C003242CD /* 3.png */,
				BE1116031D2D3B3C003242CD /* 4.png */,
				BE1116041D2D3B3C003242CD /* 5.png */,
				BE1116051D2D3B3C003242CD /* 6.png */,
				BE1116061D2D3B3C003242CD /* a1.png */,
				BE1116071D2D3B3C003242CD /* a2.png */,
				BE1116081D2D3B3C003242CD /* a3.png */,
				BE1116091D2D3B3C003242CD /* a4.png */,
				BE11160A1D2D3B3C003242CD /* a5.png */,
				BE11160B1D2D3B3C003242CD /* a6.png */,
			);
			path = Resource;
			sourceTree = "<group>";
		};
/* End PBXGroup section */

/* Begin PBXNativeTarget section */
		BE1115D01D2D2DB8003242CD /* DDAttachmentTextView */ = {
			isa = PBXNativeTarget;
			buildConfigurationList = BE1115E81D2D2DB8003242CD /* Build configuration list for PBXNativeTarget "DDAttachmentTextView" */;
			buildPhases = (
				BE1115CD1D2D2DB8003242CD /* Sources */,
				BE1115CE1D2D2DB8003242CD /* Frameworks */,
				BE1115CF1D2D2DB8003242CD /* Resources */,
			);
			buildRules = (
			);
			dependencies = (
			);
			name = DDAttachmentTextView;
			productName = DDAttachmentTextView;
			productReference = BE1115D11D2D2DB8003242CD /* DDAttachmentTextView.app */;
			productType = "com.apple.product-type.application";
		};
/* End PBXNativeTarget section */

/* Begin PBXProject section */
		BE1115C91D2D2DB8003242CD /* Project object */ = {
			isa = PBXProject;
			attributes = {
				LastUpgradeCheck = 0730;
				ORGANIZATIONNAME = Daniel;
				TargetAttributes = {
					BE1115D01D2D2DB8003242CD = {
						CreatedOnToolsVersion = 7.3.1;
					};
				};
			};
			buildConfigurationList = BE1115CC1D2D2DB8003242CD /* Build configuration list for PBXProject "DDAttachmentTextView" */;
			compatibilityVersion = "Xcode 3.2";
			developmentRegion = English;
			hasScannedForEncodings = 0;
			knownRegions = (
				en,
				Base,
			);
			mainGroup = BE1115C81D2D2DB8003242CD;
			productRefGroup = BE1115D21D2D2DB8003242CD /* Products */;
			projectDirPath = "";
			projectRoot = "";
			targets = (
				BE1115D01D2D2DB8003242CD /* DDAttachmentTextView */,
			);
		};
/* End PBXProject section */

/* Begin PBXResourcesBuildPhase section */
		BE1115CF1D2D2DB8003242CD /* Resources */ = {
			isa = PBXResourcesBuildPhase;
			buildActionMask = 2147483647;
			files = (
				BE1116171D2D3B3C003242CD /* a6.png in Resources */,
				BE1116161D2D3B3C003242CD /* a5.png in Resources */,
				BE1116141D2D3B3C003242CD /* a3.png in Resources */,
				BE1116131D2D3B3C003242CD /* a2.png in Resources */,
				BE11160D1D2D3B3C003242CD /* 2.png in Resources */,
				BE1115E41D2D2DB8003242CD /* LaunchScreen.storyboard in Resources */,
				BE1116151D2D3B3C003242CD /* a4.png in Resources */,
				BE1115E11D2D2DB8003242CD /* Assets.xcassets in Resources */,
				BE1115DF1D2D2DB8003242CD /* Main.storyboard in Resources */,
				BE1116111D2D3B3C003242CD /* 6.png in Resources */,
				BE1116191D2D3B4E003242CD /* data.json in Resources */,
				BE11160F1D2D3B3C003242CD /* 4.png in Resources */,
				BE1116121D2D3B3C003242CD /* a1.png in Resources */,
				BE1116101D2D3B3C003242CD /* 5.png in Resources */,
				BE11160E1D2D3B3C003242CD /* 3.png in Resources */,
				BE11160C1D2D3B3C003242CD /* 1.png in Resources */,
			);
			runOnlyForDeploymentPostprocessing = 0;
		};
/* End PBXResourcesBuildPhase section */

/* Begin PBXSourcesBuildPhase section */
		BE1115CD1D2D2DB8003242CD /* Sources */ = {
			isa = PBXSourcesBuildPhase;
			buildActionMask = 2147483647;
			files = (
				BE1115DC1D2D2DB8003242CD /* ViewController.m in Sources */,
				BE1115F61D2D317F003242CD /* DDAttachmentTextView.m in Sources */,
				BE1115D91D2D2DB8003242CD /* AppDelegate.m in Sources */,
				BE1115D61D2D2DB8003242CD /* main.m in Sources */,
				BE1115F51D2D317F003242CD /* DDAttachmentReusableView.m in Sources */,
				BE1115F41D2D317F003242CD /* DDAttachmentLayoutManager.m in Sources */,
				BE1115F71D2D317F003242CD /* DDTextAttachment.m in Sources */,
				BE1115FC1D2D3345003242CD /* DDAttachmentObject.m in Sources */,
				BE11161F1D2D3E09003242CD /* DDUserAttachmentView.m in Sources */,
				BE11161C1D2D3DBE003242CD /* DDImageAttachmentView.m in Sources */,
			);
			runOnlyForDeploymentPostprocessing = 0;
		};
/* End PBXSourcesBuildPhase section */

/* Begin PBXVariantGroup section */
		BE1115DD1D2D2DB8003242CD /* Main.storyboard */ = {
			isa = PBXVariantGroup;
			children = (
				BE1115DE1D2D2DB8003242CD /* Base */,
			);
			name = Main.storyboard;
			sourceTree = "<group>";
		};
		BE1115E21D2D2DB8003242CD /* LaunchScreen.storyboard */ = {
			isa = PBXVariantGroup;
			children = (
				BE1115E31D2D2DB8003242CD /* Base */,
			);
			name = LaunchScreen.storyboard;
			sourceTree = "<group>";
		};
/* End PBXVariantGroup section */

/* Begin XCBuildConfiguration section */
		BE1115E61D2D2DB8003242CD /* Debug */ = {
			isa = XCBuildConfiguration;
			buildSettings = {
				ALWAYS_SEARCH_USER_PATHS = NO;
				CLANG_ANALYZER_NONNULL = YES;
				CLANG_CXX_LANGUAGE_STANDARD = "gnu++0x";
				CLANG_CXX_LIBRARY = "libc++";
				CLANG_ENABLE_MODULES = YES;
				CLANG_ENABLE_OBJC_ARC = YES;
				CLANG_WARN_BOOL_CONVERSION = YES;
				CLANG_WARN_CONSTANT_CONVERSION = YES;
				CLANG_WARN_DIRECT_OBJC_ISA_USAGE = YES_ERROR;
				CLANG_WARN_EMPTY_BODY = YES;
				CLANG_WARN_ENUM_CONVERSION = YES;
				CLANG_WARN_INT_CONVERSION = YES;
				CLANG_WARN_OBJC_ROOT_CLASS = YES_ERROR;
				CLANG_WARN_UNREACHABLE_CODE = YES;
				CLANG_WARN__DUPLICATE_METHOD_MATCH = YES;
				"CODE_SIGN_IDENTITY[sdk=iphoneos*]" = "iPhone Developer";
				COPY_PHASE_STRIP = NO;
				DEBUG_INFORMATION_FORMAT = dwarf;
				ENABLE_STRICT_OBJC_MSGSEND = YES;
				ENABLE_TESTABILITY = YES;
				GCC_C_LANGUAGE_STANDARD = gnu99;
				GCC_DYNAMIC_NO_PIC = NO;
				GCC_NO_COMMON_BLOCKS = YES;
				GCC_OPTIMIZATION_LEVEL = 0;
				GCC_PREPROCESSOR_DEFINITIONS = (
					"DEBUG=1",
					"$(inherited)",
				);
				GCC_WARN_64_TO_32_BIT_CONVERSION = YES;
				GCC_WARN_ABOUT_RETURN_TYPE = YES_ERROR;
				GCC_WARN_UNDECLARED_SELECTOR = YES;
				GCC_WARN_UNINITIALIZED_AUTOS = YES_AGGRESSIVE;
				GCC_WARN_UNUSED_FUNCTION = YES;
				GCC_WARN_UNUSED_VARIABLE = YES;
				IPHONEOS_DEPLOYMENT_TARGET = 9.3;
				MTL_ENABLE_DEBUG_INFO = YES;
				ONLY_ACTIVE_ARCH = YES;
				SDKROOT = iphoneos;
			};
			name = Debug;
		};
		BE1115E71D2D2DB8003242CD /* Release */ = {
			isa = XCBuildConfiguration;
			buildSettings = {
				ALWAYS_SEARCH_USER_PATHS = NO;
				CLANG_ANALYZER_NONNULL = YES;
				CLANG_CXX_LANGUAGE_STANDARD = "gnu++0x";
				CLANG_CXX_LIBRARY = "libc++";
				CLANG_ENABLE_MODULES = YES;
				CLANG_ENABLE_OBJC_ARC = YES;
				CLANG_WARN_BOOL_CONVERSION = YES;
				CLANG_WARN_CONSTANT_CONVERSION = YES;
				CLANG_WARN_DIRECT_OBJC_ISA_USAGE = YES_ERROR;
				CLANG_WARN_EMPTY_BODY = YES;
				CLANG_WARN_ENUM_CONVERSION = YES;
				CLANG_WARN_INT_CONVERSION = YES;
				CLANG_WARN_OBJC_ROOT_CLASS = YES_ERROR;
				CLANG_WARN_UNREACHABLE_CODE = YES;
				CLANG_WARN__DUPLICATE_METHOD_MATCH = YES;
				"CODE_SIGN_IDENTITY[sdk=iphoneos*]" = "iPhone Developer";
				COPY_PHASE_STRIP = NO;
				DEBUG_INFORMATION_FORMAT = "dwarf-with-dsym";
				ENABLE_NS_ASSERTIONS = NO;
				ENABLE_STRICT_OBJC_MSGSEND = YES;
				GCC_C_LANGUAGE_STANDARD = gnu99;
				GCC_NO_COMMON_BLOCKS = YES;
				GCC_WARN_64_TO_32_BIT_CONVERSION = YES;
				GCC_WARN_ABOUT_RETURN_TYPE = YES_ERROR;
				GCC_WARN_UNDECLARED_SELECTOR = YES;
				GCC_WARN_UNINITIALIZED_AUTOS = YES_AGGRESSIVE;
				GCC_WARN_UNUSED_FUNCTION = YES;
				GCC_WARN_UNUSED_VARIABLE = YES;
				IPHONEOS_DEPLOYMENT_TARGET = 9.3;
				MTL_ENABLE_DEBUG_INFO = NO;
				SDKROOT = iphoneos;
				VALIDATE_PRODUCT = YES;
			};
			name = Release;
		};
		BE1115E91D2D2DB8003242CD /* Debug */ = {
			isa = XCBuildConfiguration;
			buildSettings = {
				ASSETCATALOG_COMPILER_APPICON_NAME = AppIcon;
				INFOPLIST_FILE = DDAttachmentTextView/Info.plist;
				LD_RUNPATH_SEARCH_PATHS = "$(inherited) @executable_path/Frameworks";
				PRODUCT_BUNDLE_IDENTIFIER = com.daniel.DDAttachmentTextView;
				PRODUCT_NAME = "$(TARGET_NAME)";
			};
			name = Debug;
		};
		BE1115EA1D2D2DB8003242CD /* Release */ = {
			isa = XCBuildConfiguration;
			buildSettings = {
				ASSETCATALOG_COMPILER_APPICON_NAME = AppIcon;
				INFOPLIST_FILE = DDAttachmentTextView/Info.plist;
				LD_RUNPATH_SEARCH_PATHS = "$(inherited) @executable_path/Frameworks";
				PRODUCT_BUNDLE_IDENTIFIER = com.daniel.DDAttachmentTextView;
				PRODUCT_NAME = "$(TARGET_NAME)";
			};
			name = Release;
		};
/* End XCBuildConfiguration section */

/* Begin XCConfigurationList section */
		BE1115CC1D2D2DB8003242CD /* Build configuration list for PBXProject "DDAttachmentTextView" */ = {
			isa = XCConfigurationList;
			buildConfigurations = (
				BE1115E61D2D2DB8003242CD /* Debug */,
				BE1115E71D2D2DB8003242CD /* Release */,
			);
			defaultConfigurationIsVisible = 0;
			defaultConfigurationName = Release;
		};
		BE1115E81D2D2DB8003242CD /* Build configuration list for PBXNativeTarget "DDAttachmentTextView" */ = {
			isa = XCConfigurationList;
			buildConfigurations = (
				BE1115E91D2D2DB8003242CD /* Debug */,
				BE1115EA1D2D2DB8003242CD /* Release */,
			);
			defaultConfigurationIsVisible = 0;
			defaultConfigurationName = Release;
		};
/* End XCConfigurationList section */
	};
	rootObject = BE1115C91D2D2DB8003242CD /* Project object */;
}
